Microsoft Visual Studio Solution File, Format Version 12.00
# Visual Studio Version 17
VisualStudioVersion = 17.1.32228.430
MinimumVisualStudioVersion = 10.0.40219.1
Project("{2150E333-8FDC-42A3-9474-1A3956D46DE8}") = "Solution Items", "Solution Items", "{493C9949-BAA6-4D9C-829E-2BC9F8D2CD9E}"
	ProjectSection(SolutionItems) = preProject
		aspnetapp.pfx = aspnetapp.pfx
		..\azure-pipelines.yml = ..\azure-pipelines.yml
		..\CHANGELOG.md = ..\CHANGELOG.md
		..\CODE_OF_CONDUCT.md = ..\CODE_OF_CONDUCT.md
		..\CONTRIBUTING.md = ..\CONTRIBUTING.md
		docker-compose.yml = docker-compose.yml
		Dockerfile = Dockerfile
		..\LICENSE = ..\LICENSE
		..\README.md = ..\README.md
	EndProjectSection
EndProject
Project("{2150E333-8FDC-42A3-9474-1A3956D46DE8}") = "Application", "Application", "{DDA93D8C-DAFB-4CB2-8292-34FC777B301B}"
EndProject
Project("{2150E333-8FDC-42A3-9474-1A3956D46DE8}") = "Domain", "Domain", "{0CC3FD3F-9DC2-41EA-803A-FC560C7A4877}"
EndProject
Project("{2150E333-8FDC-42A3-9474-1A3956D46DE8}") = "Infrastructure", "Infrastructure", "{7DA435D9-E4C0-4B1B-8633-0060FFABD19E}"
EndProject
Project("{2150E333-8FDC-42A3-9474-1A3956D46DE8}") = "Presentation", "Presentation", "{799C0B1D-6115-424C-9ED1-E645F53998D6}"
EndProject
Project("{9A19103F-16F7-4668-BE54-9A1E7A4F7556}") = "ReconNess.Application", "src\Application\ReconNess.Application\ReconNess.Application.csproj", "{8D1333AE-4210-4C5F-AE75-58134353C7CD}"
EndProject
Project("{9A19103F-16F7-4668-BE54-9A1E7A4F7556}") = "ReconNess.Application.Services", "src\Application\ReconNess.Application.Services\ReconNess.Application.Services.csproj", "{54878A5B-09D1-4011-8744-465E8906EA4A}"
EndProject
Project("{9A19103F-16F7-4668-BE54-9A1E7A4F7556}") = "ReconNess.Application.Services.UnitTests", "test\Application\ReconNess.UnitTests\ReconNess.Application.Services.UnitTests.csproj", "{BF97C4E8-11BD-4ADF-87BB-7A8EBDBCD808}"
EndProject
Project("{9A19103F-16F7-4668-BE54-9A1E7A4F7556}") = "ReconNess.Domain", "src\Domain\ReconNess.Domain\ReconNess.Domain.csproj", "{7D00432D-0031-47F1-959D-9C64CC61182D}"
EndProject
Project("{9A19103F-16F7-4668-BE54-9A1E7A4F7556}") = "ReconNess.Infrastructure", "src\Infrastructure\ReconNess.Infrastructure\ReconNess.Infrastructure.csproj", "{823CAF8B-949F-46CD-ADF7-DDA4DCC6FDB2}"
EndProject
Project("{9A19103F-16F7-4668-BE54-9A1E7A4F7556}") = "ReconNess.Infrastructure.UnitTests", "test\Infrastructure\ReconNess.Infrastructure.UnitTests\ReconNess.Infrastructure.UnitTests.csproj", "{888CA454-6746-43D1-9E2C-D0035582A819}"
EndProject
Project("{9A19103F-16F7-4668-BE54-9A1E7A4F7556}") = "ReconNess.Infrastructure.Identity", "src\Infrastructure\ReconNess.Infrastructure.Identity\ReconNess.Infrastructure.Identity.csproj", "{B4F0BF3A-9CEF-4E3C-A4AB-6D63FB18B883}"
EndProject
Project("{9A19103F-16F7-4668-BE54-9A1E7A4F7556}") = "ReconNess.Infrastructure.DataAccess", "src\Infrastructure\ReconNess.Infrastructure.DataAccess\ReconNess.Infrastructure.DataAccess.csproj", "{5975ABBA-815E-4D24-92FD-85829470AD9D}"
EndProject
Project("{9A19103F-16F7-4668-BE54-9A1E7A4F7556}") = "ReconNess.Presentation.Api", "src\Presentation\ReconNess.Presentation.Api\ReconNess.Presentation.Api.csproj", "{209986E9-082E-417C-B40E-5A096CF15B2D}"
EndProject
Global
	GlobalSection(SolutionConfigurationPlatforms) = preSolution
		Debug|Any CPU = Debug|Any CPU
		Release|Any CPU = Release|Any CPU
	EndGlobalSection
	GlobalSection(ProjectConfigurationPlatforms) = postSolution
		{8D1333AE-4210-4C5F-AE75-58134353C7CD}.Debug|Any CPU.ActiveCfg = Debug|Any CPU
		{8D1333AE-4210-4C5F-AE75-58134353C7CD}.Debug|Any CPU.Build.0 = Debug|Any CPU
		{8D1333AE-4210-4C5F-AE75-58134353C7CD}.Release|Any CPU.ActiveCfg = Release|Any CPU
		{8D1333AE-4210-4C5F-AE75-58134353C7CD}.Release|Any CPU.Build.0 = Release|Any CPU
		{54878A5B-09D1-4011-8744-465E8906EA4A}.Debug|Any CPU.ActiveCfg = Debug|Any CPU
		{54878A5B-09D1-4011-8744-465E8906EA4A}.Debug|Any CPU.Build.0 = Debug|Any CPU
		{54878A5B-09D1-4011-8744-465E8906EA4A}.Release|Any CPU.ActiveCfg = Release|Any CPU
		{54878A5B-09D1-4011-8744-465E8906EA4A}.Release|Any CPU.Build.0 = Release|Any CPU
		{BF97C4E8-11BD-4ADF-87BB-7A8EBDBCD808}.Debug|Any CPU.ActiveCfg = Debug|Any CPU
		{BF97C4E8-11BD-4ADF-87BB-7A8EBDBCD808}.Debug|Any CPU.Build.0 = Debug|Any CPU
		{BF97C4E8-11BD-4ADF-87BB-7A8EBDBCD808}.Release|Any CPU.ActiveCfg = Release|Any CPU
		{BF97C4E8-11BD-4ADF-87BB-7A8EBDBCD808}.Release|Any CPU.Build.0 = Release|Any CPU
		{7D00432D-0031-47F1-959D-9C64CC61182D}.Debug|Any CPU.ActiveCfg = Debug|Any CPU
		{7D00432D-0031-47F1-959D-9C64CC61182D}.Debug|Any CPU.Build.0 = Debug|Any CPU
		{7D00432D-0031-47F1-959D-9C64CC61182D}.Release|Any CPU.ActiveCfg = Release|Any CPU
		{7D00432D-0031-47F1-959D-9C64CC61182D}.Release|Any CPU.Build.0 = Release|Any CPU
		{823CAF8B-949F-46CD-ADF7-DDA4DCC6FDB2}.Debug|Any CPU.ActiveCfg = Debug|Any CPU
		{823CAF8B-949F-46CD-ADF7-DDA4DCC6FDB2}.Debug|Any CPU.Build.0 = Debug|Any CPU
		{823CAF8B-949F-46CD-ADF7-DDA4DCC6FDB2}.Release|Any CPU.ActiveCfg = Release|Any CPU
		{823CAF8B-949F-46CD-ADF7-DDA4DCC6FDB2}.Release|Any CPU.Build.0 = Release|Any CPU
		{888CA454-6746-43D1-9E2C-D0035582A819}.Debug|Any CPU.ActiveCfg = Debug|Any CPU
		{888CA454-6746-43D1-9E2C-D0035582A819}.Debug|Any CPU.Build.0 = Debug|Any CPU
		{888CA454-6746-43D1-9E2C-D0035582A819}.Release|Any CPU.ActiveCfg = Release|Any CPU
		{888CA454-6746-43D1-9E2C-D0035582A819}.Release|Any CPU.Build.0 = Release|Any CPU
		{B4F0BF3A-9CEF-4E3C-A4AB-6D63FB18B883}.Debug|Any CPU.ActiveCfg = Debug|Any CPU
		{B4F0BF3A-9CEF-4E3C-A4AB-6D63FB18B883}.Debug|Any CPU.Build.0 = Debug|Any CPU
		{B4F0BF3A-9CEF-4E3C-A4AB-6D63FB18B883}.Release|Any CPU.ActiveCfg = Release|Any CPU
		{B4F0BF3A-9CEF-4E3C-A4AB-6D63FB18B883}.Release|Any CPU.Build.0 = Release|Any CPU
		{5975ABBA-815E-4D24-92FD-85829470AD9D}.Debug|Any CPU.ActiveCfg = Debug|Any CPU
		{5975ABBA-815E-4D24-92FD-85829470AD9D}.Debug|Any CPU.Build.0 = Debug|Any CPU
		{5975ABBA-815E-4D24-92FD-85829470AD9D}.Release|Any CPU.ActiveCfg = Release|Any CPU
		{5975ABBA-815E-4D24-92FD-85829470AD9D}.Release|Any CPU.Build.0 = Release|Any CPU
		{209986E9-082E-417C-B40E-5A096CF15B2D}.Debug|Any CPU.ActiveCfg = Debug|Any CPU
		{209986E9-082E-417C-B40E-5A096CF15B2D}.Debug|Any CPU.Build.0 = Debug|Any CPU
		{209986E9-082E-417C-B40E-5A096CF15B2D}.Release|Any CPU.ActiveCfg = Release|Any CPU
		{209986E9-082E-417C-B40E-5A096CF15B2D}.Release|Any CPU.Build.0 = Release|Any CPU
	EndGlobalSection
	GlobalSection(SolutionProperties) = preSolution
		HideSolutionNode = FALSE
	EndGlobalSection
	GlobalSection(NestedProjects) = preSolution
		{8D1333AE-4210-4C5F-AE75-58134353C7CD} = {DDA93D8C-DAFB-4CB2-8292-34FC777B301B}
		{54878A5B-09D1-4011-8744-465E8906EA4A} = {DDA93D8C-DAFB-4CB2-8292-34FC777B301B}
		{BF97C4E8-11BD-4ADF-87BB-7A8EBDBCD808} = {DDA93D8C-DAFB-4CB2-8292-34FC777B301B}
		{7D00432D-0031-47F1-959D-9C64CC61182D} = {0CC3FD3F-9DC2-41EA-803A-FC560C7A4877}
		{823CAF8B-949F-46CD-ADF7-DDA4DCC6FDB2} = {7DA435D9-E4C0-4B1B-8633-0060FFABD19E}
		{888CA454-6746-43D1-9E2C-D0035582A819} = {7DA435D9-E4C0-4B1B-8633-0060FFABD19E}
		{B4F0BF3A-9CEF-4E3C-A4AB-6D63FB18B883} = {7DA435D9-E4C0-4B1B-8633-0060FFABD19E}
		{5975ABBA-815E-4D24-92FD-85829470AD9D} = {7DA435D9-E4C0-4B1B-8633-0060FFABD19E}
		{209986E9-082E-417C-B40E-5A096CF15B2D} = {799C0B1D-6115-424C-9ED1-E645F53998D6}
	EndGlobalSection
	GlobalSection(ExtensibilityGlobals) = postSolution
		SolutionGuid = {865EFE75-B3F3-4F16-90A8-F76207B878B1}
	EndGlobalSection
EndGlobal
